
Microsoft Visual Studio Solution File, Format Version 12.00
# Visual Studio 15
VisualStudioVersion = 15.0.28307.1209
MinimumVisualStudioVersion = 10.0.40219.1
Project("{FAE04EC0-301F-11D3-BF4B-00C04F79EFBC}") = "Name-Sorter", "Name-Sorter\Name-Sorter.csproj", "{52060506-C6CD-4932-A970-5752C189C003}"
EndProject
Project("{FAE04EC0-301F-11D3-BF4B-00C04F79EFBC}") = "Name-SorterLibrary", "Name-SorterLibrary\Name-SorterLibrary.csproj", "{5B940608-2983-42C7-9A66-A7492D0A507D}"
EndProject
Project("{FAE04EC0-301F-11D3-BF4B-00C04F79EFBC}") = "Name-SorterTest", "Name-SorterTest\Name-SorterTest.csproj", "{1AB32657-8D99-4777-AA69-6148D5965A4F}"
EndProject
Global
	GlobalSection(SolutionConfigurationPlatforms) = preSolution
		Debug|Any CPU = Debug|Any CPU
		Release|Any CPU = Release|Any CPU
	EndGlobalSection
	GlobalSection(ProjectConfigurationPlatforms) = postSolution
		{52060506-C6CD-4932-A970-5752C189C003}.Debug|Any CPU.ActiveCfg = Debug|Any CPU
		{52060506-C6CD-4932-A970-5752C189C003}.Debug|Any CPU.Build.0 = Debug|Any CPU
		{52060506-C6CD-4932-A970-5752C189C003}.Release|Any CPU.ActiveCfg = Release|Any CPU
		{52060506-C6CD-4932-A970-5752C189C003}.Release|Any CPU.Build.0 = Release|Any CPU
		{5B940608-2983-42C7-9A66-A7492D0A507D}.Debug|Any CPU.ActiveCfg = Debug|Any CPU
		{5B940608-2983-42C7-9A66-A7492D0A507D}.Debug|Any CPU.Build.0 = Debug|Any CPU
		{5B940608-2983-42C7-9A66-A7492D0A507D}.Release|Any CPU.ActiveCfg = Release|Any CPU
		{5B940608-2983-42C7-9A66-A7492D0A507D}.Release|Any CPU.Build.0 = Release|Any CPU
		{1AB32657-8D99-4777-AA69-6148D5965A4F}.Debug|Any CPU.ActiveCfg = Debug|Any CPU
		{1AB32657-8D99-4777-AA69-6148D5965A4F}.Debug|Any CPU.Build.0 = Debug|Any CPU
		{1AB32657-8D99-4777-AA69-6148D5965A4F}.Release|Any CPU.ActiveCfg = Release|Any CPU
		{1AB32657-8D99-4777-AA69-6148D5965A4F}.Release|Any CPU.Build.0 = Release|Any CPU
	EndGlobalSection
	GlobalSection(SolutionProperties) = preSolution
		HideSolutionNode = FALSE
	EndGlobalSection
	GlobalSection(ExtensibilityGlobals) = postSolution
		SolutionGuid = {BC704093-FE2C-421F-AF84-AF7F56EAF1E8}
	EndGlobalSection
EndGlobal
